# Prisma Migrate lockfile v1

20201029234746-add-user
20201031011941-migration
20201103174335-create-workouts
20201103174903-create-exercises
20201103175203-create-exercise-types
20201105010042-migration
20201105010836-migration
20201105012006-migration
20201105213349-migration
20201106014616-migration
20201106030440-migration
20201116010040-migration
20201116012224-migration
20201125161304-migration
20201125163300-migration
20201125165750-migration
20201125170157-migration
20201125171952-migration
20201125173403-migration
20201129231833-migration
20201130020451-migration
20201214044303-migration